Microsoft Visual Studio Solution File, Format Version 12.00
# 17
VisualStudioVersion = 17.11.35222.181
MinimumVisualStudioVersion = 10.0.40219.1
Project("{9A19103F-16F7-4668-BE54-9A1E7A4F7556}") = "Stopwatch", "Stopwatch\Stopwatch.csproj", "{37796FCE-CBED-4921-877A-45216B333D54}"
EndProject
Project("{FAE04EC0-301F-11D3-BF4B-00C04F79EFBC}") = "Stopwatch.Abstractions", "Stopwatch.Abstractions\Stopwatch.Abstractions.csproj", "{06F6924A-445F-4832-B9F9-259C8A53B21F}"
EndProject
Global
	GlobalSection(SolutionConfigurationPlatforms) = preSolution
		Debug|Any CPU = Debug|Any CPU
		Release|Any CPU = Release|Any CPU
	EndGlobalSection
	GlobalSection(ProjectConfigurationPlatforms) = postSolution
		{37796FCE-CBED-4921-877A-45216B333D54}.Debug|Any CPU.ActiveCfg = Debug|Any CPU
		{37796FCE-CBED-4921-877A-45216B333D54}.Debug|Any CPU.Build.0 = Debug|Any CPU
		{37796FCE-CBED-4921-877A-45216B333D54}.Release|Any CPU.ActiveCfg = Release|Any CPU
		{37796FCE-CBED-4921-877A-45216B333D54}.Release|Any CPU.Build.0 = Release|Any CPU
		{06F6924A-445F-4832-B9F9-259C8A53B21F}.Debug|Any CPU.ActiveCfg = Debug|Any CPU
		{06F6924A-445F-4832-B9F9-259C8A53B21F}.Debug|Any CPU.Build.0 = Debug|Any CPU
		{06F6924A-445F-4832-B9F9-259C8A53B21F}.Release|Any CPU.ActiveCfg = Release|Any CPU
		{06F6924A-445F-4832-B9F9-259C8A53B21F}.Release|Any CPU.Build.0 = Release|Any CPU
	EndGlobalSection
	GlobalSection(SolutionProperties) = preSolution
		HideSolutionNode = FALSE
	EndGlobalSection
	GlobalSection(ExtensibilityGlobals) = postSolution
		SolutionGuid = {631EBEE8-3458-4658-BA6E-2B7FEC09D60C}
	EndGlobalSection
EndGlobal
